
Microsoft Visual Studio Solution File, Format Version 12.00
# Visual Studio Version 17
VisualStudioVersion = 17.9.34622.214
MinimumVisualStudioVersion = 10.0.40219.1
Project("{FAE04EC0-301F-11D3-BF4B-00C04F79EFBC}") = "EmailValidatorApp", "EmailValidatorApp.csproj", "{A509012D-C69C-4D5E-8615-97C2FF87A586}"
EndProject
Project("{FAE04EC0-301F-11D3-BF4B-00C04F79EFBC}") = "EmailValidatorTests", "..\EmailValidatorTests\EmailValidatorTests.csproj", "{F9DECBA2-3A93-4AA7-A4CF-5DBF689EC84B}"
EndProject
Global
	GlobalSection(SolutionConfigurationPlatforms) = preSolution
		Debug|Any CPU = Debug|Any CPU
		Release|Any CPU = Release|Any CPU
	EndGlobalSection
	GlobalSection(ProjectConfigurationPlatforms) = postSolution
		{A509012D-C69C-4D5E-8615-97C2FF87A586}.Debug|Any CPU.ActiveCfg = Debug|Any CPU
		{A509012D-C69C-4D5E-8615-97C2FF87A586}.Debug|Any CPU.Build.0 = Debug|Any CPU
		{A509012D-C69C-4D5E-8615-97C2FF87A586}.Release|Any CPU.ActiveCfg = Release|Any CPU
		{A509012D-C69C-4D5E-8615-97C2FF87A586}.Release|Any CPU.Build.0 = Release|Any CPU
		{F9DECBA2-3A93-4AA7-A4CF-5DBF689EC84B}.Debug|Any CPU.ActiveCfg = Debug|Any CPU
		{F9DECBA2-3A93-4AA7-A4CF-5DBF689EC84B}.Debug|Any CPU.Build.0 = Debug|Any CPU
		{F9DECBA2-3A93-4AA7-A4CF-5DBF689EC84B}.Release|Any CPU.ActiveCfg = Release|Any CPU
		{F9DECBA2-3A93-4AA7-A4CF-5DBF689EC84B}.Release|Any CPU.Build.0 = Release|Any CPU
	EndGlobalSection
	GlobalSection(SolutionProperties) = preSolution
		HideSolutionNode = FALSE
	EndGlobalSection
	GlobalSection(ExtensibilityGlobals) = postSolution
		SolutionGuid = {616A1042-2731-484F-AC63-020CD01CF404}
	EndGlobalSection
EndGlobal
